
Microsoft Visual Studio Solution File, Format Version 12.00
# Visual Studio 15
VisualStudioVersion = 15.0.28307.329
MinimumVisualStudioVersion = 10.0.40219.1
Project("{FAE04EC0-301F-11D3-BF4B-00C04F79EFBC}") = "Wu17Picks.Web", "Wu17Picks.Web\Wu17Picks.Web.csproj", "{1B351E2F-B5B1-4323-9664-FAA9552185E6}"
EndProject
Project("{FAE04EC0-301F-11D3-BF4B-00C04F79EFBC}") = "Wu17Picks.Data", "Wu17Picks.Data\Wu17Picks.Data.csproj", "{2B6E6423-F2D6-4313-B2EC-763D34750D82}"
EndProject
Global
	GlobalSection(SolutionConfigurationPlatforms) = preSolution
		Debug|Any CPU = Debug|Any CPU
		Release|Any CPU = Release|Any CPU
	EndGlobalSection
	GlobalSection(ProjectConfigurationPlatforms) = postSolution
		{1B351E2F-B5B1-4323-9664-FAA9552185E6}.Debug|Any CPU.ActiveCfg = Debug|Any CPU
		{1B351E2F-B5B1-4323-9664-FAA9552185E6}.Debug|Any CPU.Build.0 = Debug|Any CPU
		{1B351E2F-B5B1-4323-9664-FAA9552185E6}.Release|Any CPU.ActiveCfg = Release|Any CPU
		{1B351E2F-B5B1-4323-9664-FAA9552185E6}.Release|Any CPU.Build.0 = Release|Any CPU
		{2B6E6423-F2D6-4313-B2EC-763D34750D82}.Debug|Any CPU.ActiveCfg = Debug|Any CPU
		{2B6E6423-F2D6-4313-B2EC-763D34750D82}.Debug|Any CPU.Build.0 = Debug|Any CPU
		{2B6E6423-F2D6-4313-B2EC-763D34750D82}.Release|Any CPU.ActiveCfg = Release|Any CPU
		{2B6E6423-F2D6-4313-B2EC-763D34750D82}.Release|Any CPU.Build.0 = Release|Any CPU
	EndGlobalSection
	GlobalSection(SolutionProperties) = preSolution
		HideSolutionNode = FALSE
	EndGlobalSection
	GlobalSection(ExtensibilityGlobals) = postSolution
		SolutionGuid = {D342EDE6-B927-476A-A75F-8F8D531B49C8}
	EndGlobalSection
EndGlobal
